
Microsoft Visual Studio Solution File, Format Version 12.00
# Visual Studio Version 16
VisualStudioVersion = 16.0.29209.62
MinimumVisualStudioVersion = 10.0.40219.1
Project("{FAE04EC0-301F-11D3-BF4B-00C04F79EFBC}") = "App4", "App4.csproj", "{4CC2AC80-3CDF-4289-911C-D228A4067E42}"
EndProject
Global
	GlobalSection(SolutionConfigurationPlatforms) = preSolution
		Debug|Any CPU = Debug|Any CPU
		Release|Any CPU = Release|Any CPU
	EndGlobalSection
	GlobalSection(ProjectConfigurationPlatforms) = postSolution
		{4CC2AC80-3CDF-4289-911C-D228A4067E42}.Debug|Any CPU.ActiveCfg = Debug|Any CPU
		{4CC2AC80-3CDF-4289-911C-D228A4067E42}.Debug|Any CPU.Build.0 = Debug|Any CPU
		{4CC2AC80-3CDF-4289-911C-D228A4067E42}.Debug|Any CPU.Deploy.0 = Debug|Any CPU
		{4CC2AC80-3CDF-4289-911C-D228A4067E42}.Release|Any CPU.ActiveCfg = Release|Any CPU
		{4CC2AC80-3CDF-4289-911C-D228A4067E42}.Release|Any CPU.Build.0 = Release|Any CPU
		{4CC2AC80-3CDF-4289-911C-D228A4067E42}.Release|Any CPU.Deploy.0 = Release|Any CPU
	EndGlobalSection
	GlobalSection(SolutionProperties) = preSolution
		HideSolutionNode = FALSE
	EndGlobalSection
	GlobalSection(ExtensibilityGlobals) = postSolution
		SolutionGuid = {4B924034-A3A7-4F62-A93D-625A81495C57}
	EndGlobalSection
EndGlobal
